<Solution>
  <Project Path="CatchTheMouse.GUI/CatchTheMouse.GUI.csproj" Id="1fe69700-ff1e-40f3-bd6b-2537a652d00e" />
  <Project Path="CatchTheMouse.LIB/CatchTheMouse.LIB.csproj" Id="0fbd4b4e-13a7-4c0e-8912-212ae3b2ee61" />
  <Project Path="CatchTheMouse/CatchTheMouse.csproj" Id="5f188433-558f-410c-856f-353b922853ad" />
</Solution>
